
Microsoft Visual Studio Solution File, Format Version 12.00
# Visual Studio Version 16
VisualStudioVersion = 16.0.34407.143
MinimumVisualStudioVersion = 10.0.40219.1
Project("{FAE04EC0-301F-11D3-BF4B-00C04F79EFBC}") = "Task1", "Task1\Task1.csproj", "{967FF1AA-C63D-4A25-8FA5-339789EA18C4}"
EndProject
Project("{FAE04EC0-301F-11D3-BF4B-00C04F79EFBC}") = "Task2", "Task2\Task2.csproj", "{C61148FE-3557-4369-B6B8-529D38AC8640}"
EndProject
Project("{FAE04EC0-301F-11D3-BF4B-00C04F79EFBC}") = "Task3", "Task3\Task3.csproj", "{3DB583A3-35B4-4395-9E7B-C4F99A166BD5}"
EndProject
Global
	GlobalSection(SolutionConfigurationPlatforms) = preSolution
		Debug|Any CPU = Debug|Any CPU
		Release|Any CPU = Release|Any CPU
	EndGlobalSection
	GlobalSection(ProjectConfigurationPlatforms) = postSolution
		{967FF1AA-C63D-4A25-8FA5-339789EA18C4}.Debug|Any CPU.ActiveCfg = Debug|Any CPU
		{967FF1AA-C63D-4A25-8FA5-339789EA18C4}.Debug|Any CPU.Build.0 = Debug|Any CPU
		{967FF1AA-C63D-4A25-8FA5-339789EA18C4}.Release|Any CPU.ActiveCfg = Release|Any CPU
		{967FF1AA-C63D-4A25-8FA5-339789EA18C4}.Release|Any CPU.Build.0 = Release|Any CPU
		{C61148FE-3557-4369-B6B8-529D38AC8640}.Debug|Any CPU.ActiveCfg = Debug|Any CPU
		{C61148FE-3557-4369-B6B8-529D38AC8640}.Debug|Any CPU.Build.0 = Debug|Any CPU
		{C61148FE-3557-4369-B6B8-529D38AC8640}.Release|Any CPU.ActiveCfg = Release|Any CPU
		{C61148FE-3557-4369-B6B8-529D38AC8640}.Release|Any CPU.Build.0 = Release|Any CPU
		{3DB583A3-35B4-4395-9E7B-C4F99A166BD5}.Debug|Any CPU.ActiveCfg = Debug|Any CPU
		{3DB583A3-35B4-4395-9E7B-C4F99A166BD5}.Debug|Any CPU.Build.0 = Debug|Any CPU
		{3DB583A3-35B4-4395-9E7B-C4F99A166BD5}.Release|Any CPU.ActiveCfg = Release|Any CPU
		{3DB583A3-35B4-4395-9E7B-C4F99A166BD5}.Release|Any CPU.Build.0 = Release|Any CPU
	EndGlobalSection
	GlobalSection(SolutionProperties) = preSolution
		HideSolutionNode = FALSE
	EndGlobalSection
	GlobalSection(ExtensibilityGlobals) = postSolution
		SolutionGuid = {629A2926-7314-4ACE-857C-CC20D36FEF3D}
	EndGlobalSection
EndGlobal
